
Microsoft Visual Studio Solution File, Format Version 12.00
# Visual Studio 2012
Project("{FAE04EC0-301F-11D3-BF4B-00C04F79EFBC}") = "MvxTest.Core", "MvxTest.Core\MvxTest.Core.csproj", "{924A4755-44C3-48CD-BB24-4C87EF3B9A3F}"
EndProject
Project("{FAE04EC0-301F-11D3-BF4B-00C04F79EFBC}") = "MvxTest.iOS", "MvxTest.iOS\MvxTest.iOS.csproj", "{03D2C3B7-9DAD-44A2-AA12-1C4C24D1C449}"
EndProject
Project("{FAE04EC0-301F-11D3-BF4B-00C04F79EFBC}") = "MvxTest.Droid", "MvxTest.Droid\MvxTest.Droid.csproj", "{6AD12727-B56B-4A3A-9C1F-AF1194226A00}"
EndProject
Project("{FAE04EC0-301F-11D3-BF4B-00C04F79EFBC}") = "MvxTest.Mac", "MvxTest.Mac\MvxTest.Mac.csproj", "{DE19053A-88F4-4C1E-BA08-E3F29186931E}"
EndProject
Global
	GlobalSection(SolutionConfigurationPlatforms) = preSolution
		Debug|Any CPU = Debug|Any CPU
		Release|Any CPU = Release|Any CPU
		Debug|iPhoneSimulator = Debug|iPhoneSimulator
		Release|iPhone = Release|iPhone
		Release|iPhoneSimulator = Release|iPhoneSimulator
		Debug|iPhone = Debug|iPhone
	EndGlobalSection
	GlobalSection(ProjectConfigurationPlatforms) = postSolution
		{03D2C3B7-9DAD-44A2-AA12-1C4C24D1C449}.Debug|Any CPU.ActiveCfg = Debug|iPhoneSimulator
		{03D2C3B7-9DAD-44A2-AA12-1C4C24D1C449}.Debug|Any CPU.Build.0 = Debug|iPhoneSimulator
		{03D2C3B7-9DAD-44A2-AA12-1C4C24D1C449}.Debug|iPhone.ActiveCfg = Debug|iPhone
		{03D2C3B7-9DAD-44A2-AA12-1C4C24D1C449}.Debug|iPhone.Build.0 = Debug|iPhone
		{03D2C3B7-9DAD-44A2-AA12-1C4C24D1C449}.Debug|iPhoneSimulator.ActiveCfg = Debug|iPhoneSimulator
		{03D2C3B7-9DAD-44A2-AA12-1C4C24D1C449}.Debug|iPhoneSimulator.Build.0 = Debug|iPhoneSimulator
		{03D2C3B7-9DAD-44A2-AA12-1C4C24D1C449}.Release|Any CPU.ActiveCfg = Release|iPhone
		{03D2C3B7-9DAD-44A2-AA12-1C4C24D1C449}.Release|Any CPU.Build.0 = Release|iPhone
		{03D2C3B7-9DAD-44A2-AA12-1C4C24D1C449}.Release|iPhone.ActiveCfg = Release|iPhone
		{03D2C3B7-9DAD-44A2-AA12-1C4C24D1C449}.Release|iPhone.Build.0 = Release|iPhone
		{03D2C3B7-9DAD-44A2-AA12-1C4C24D1C449}.Release|iPhoneSimulator.ActiveCfg = Release|iPhoneSimulator
		{03D2C3B7-9DAD-44A2-AA12-1C4C24D1C449}.Release|iPhoneSimulator.Build.0 = Release|iPhoneSimulator
		{6AD12727-B56B-4A3A-9C1F-AF1194226A00}.Debug|Any CPU.ActiveCfg = Debug|Any CPU
		{6AD12727-B56B-4A3A-9C1F-AF1194226A00}.Debug|Any CPU.Build.0 = Debug|Any CPU
		{6AD12727-B56B-4A3A-9C1F-AF1194226A00}.Debug|iPhone.ActiveCfg = Debug|Any CPU
		{6AD12727-B56B-4A3A-9C1F-AF1194226A00}.Debug|iPhone.Build.0 = Debug|Any CPU
		{6AD12727-B56B-4A3A-9C1F-AF1194226A00}.Debug|iPhoneSimulator.ActiveCfg = Debug|Any CPU
		{6AD12727-B56B-4A3A-9C1F-AF1194226A00}.Debug|iPhoneSimulator.Build.0 = Debug|Any CPU
		{6AD12727-B56B-4A3A-9C1F-AF1194226A00}.Release|Any CPU.ActiveCfg = Release|Any CPU
		{6AD12727-B56B-4A3A-9C1F-AF1194226A00}.Release|Any CPU.Build.0 = Release|Any CPU
		{6AD12727-B56B-4A3A-9C1F-AF1194226A00}.Release|iPhone.ActiveCfg = Release|Any CPU
		{6AD12727-B56B-4A3A-9C1F-AF1194226A00}.Release|iPhone.Build.0 = Release|Any CPU
		{6AD12727-B56B-4A3A-9C1F-AF1194226A00}.Release|iPhoneSimulator.ActiveCfg = Release|Any CPU
		{6AD12727-B56B-4A3A-9C1F-AF1194226A00}.Release|iPhoneSimulator.Build.0 = Release|Any CPU
		{924A4755-44C3-48CD-BB24-4C87EF3B9A3F}.Debug|Any CPU.ActiveCfg = Debug|Any CPU
		{924A4755-44C3-48CD-BB24-4C87EF3B9A3F}.Debug|Any CPU.Build.0 = Debug|Any CPU
		{924A4755-44C3-48CD-BB24-4C87EF3B9A3F}.Debug|iPhone.ActiveCfg = Debug|Any CPU
		{924A4755-44C3-48CD-BB24-4C87EF3B9A3F}.Debug|iPhone.Build.0 = Debug|Any CPU
		{924A4755-44C3-48CD-BB24-4C87EF3B9A3F}.Debug|iPhoneSimulator.ActiveCfg = Debug|Any CPU
		{924A4755-44C3-48CD-BB24-4C87EF3B9A3F}.Debug|iPhoneSimulator.Build.0 = Debug|Any CPU
		{924A4755-44C3-48CD-BB24-4C87EF3B9A3F}.Release|Any CPU.ActiveCfg = Release|Any CPU
		{924A4755-44C3-48CD-BB24-4C87EF3B9A3F}.Release|Any CPU.Build.0 = Release|Any CPU
		{924A4755-44C3-48CD-BB24-4C87EF3B9A3F}.Release|iPhone.ActiveCfg = Release|Any CPU
		{924A4755-44C3-48CD-BB24-4C87EF3B9A3F}.Release|iPhone.Build.0 = Release|Any CPU
		{924A4755-44C3-48CD-BB24-4C87EF3B9A3F}.Release|iPhoneSimulator.ActiveCfg = Release|Any CPU
		{924A4755-44C3-48CD-BB24-4C87EF3B9A3F}.Release|iPhoneSimulator.Build.0 = Release|Any CPU
		{DE19053A-88F4-4C1E-BA08-E3F29186931E}.Debug|Any CPU.ActiveCfg = Debug|Any CPU
		{DE19053A-88F4-4C1E-BA08-E3F29186931E}.Debug|Any CPU.Build.0 = Debug|Any CPU
		{DE19053A-88F4-4C1E-BA08-E3F29186931E}.Debug|iPhone.ActiveCfg = Debug|Any CPU
		{DE19053A-88F4-4C1E-BA08-E3F29186931E}.Debug|iPhone.Build.0 = Debug|Any CPU
		{DE19053A-88F4-4C1E-BA08-E3F29186931E}.Debug|iPhoneSimulator.ActiveCfg = Debug|Any CPU
		{DE19053A-88F4-4C1E-BA08-E3F29186931E}.Debug|iPhoneSimulator.Build.0 = Debug|Any CPU
		{DE19053A-88F4-4C1E-BA08-E3F29186931E}.Release|Any CPU.ActiveCfg = Release|Any CPU
		{DE19053A-88F4-4C1E-BA08-E3F29186931E}.Release|Any CPU.Build.0 = Release|Any CPU
		{DE19053A-88F4-4C1E-BA08-E3F29186931E}.Release|iPhone.ActiveCfg = Release|Any CPU
		{DE19053A-88F4-4C1E-BA08-E3F29186931E}.Release|iPhone.Build.0 = Release|Any CPU
		{DE19053A-88F4-4C1E-BA08-E3F29186931E}.Release|iPhoneSimulator.ActiveCfg = Release|Any CPU
		{DE19053A-88F4-4C1E-BA08-E3F29186931E}.Release|iPhoneSimulator.Build.0 = Release|Any CPU
	EndGlobalSection
	GlobalSection(MonoDevelopProperties) = preSolution
		Policies = $0
		$0.DotNetNamingPolicy = $1
		$1.DirectoryNamespaceAssociation = PrefixedHierarchical
		$1.ResourceNamePolicy = FileFormatDefault
		$0.TextStylePolicy = $2
		$2.inheritsSet = null
		$2.scope = text/x-csharp
		$0.CSharpFormattingPolicy = $3
		$3.AfterDelegateDeclarationParameterComma = True
		$3.inheritsSet = Mono
		$3.inheritsScope = text/x-csharp
		$3.scope = text/x-csharp
		$0.TextStylePolicy = $4
		$4.FileWidth = 120
		$4.TabsToSpaces = False
		$4.inheritsSet = VisualStudio
		$4.inheritsScope = text/plain
		$4.scope = text/plain
		$0.TextStylePolicy = $5
		$5.inheritsSet = null
		$5.scope = application/config+xml
		$0.XmlFormattingPolicy = $6
		$6.inheritsSet = null
		$6.scope = application/config+xml
		$0.TextStylePolicy = $7
		$7.inheritsSet = null
		$7.scope = application/json
		$0.StandardHeader = $8
		$8.Text = 
		$8.IncludeInNewFiles = True
	EndGlobalSection
EndGlobal
